<?xml version="1.0" encoding="utf-8"?>
<Project ToolsVersion="4.0" xmlns="http://schemas.microsoft.com/developer/msbuild/2003">
  <ItemGroup>
    <Filter Include="ソース ファイル">
      <UniqueIdentifier>{4FC737F1-C7A5-4376-A066-2A32D752A2FF}</UniqueIdentifier>
      <Extensions>cpp;c;cc;cxx;def;odl;idl;hpj;bat;asm;asmx</Extensions>
    </Filter>
    <Filter Include="ヘッダー ファイル">
      <UniqueIdentifier>{93995380-89BD-4b04-88EB-625FBE52EBFB}</UniqueIdentifier>
      <Extensions>h;hh;hpp;hxx;hm;inl;inc;xsd</Extensions>
    </Filter>
    <Filter Include="リソース ファイル">
      <UniqueIdentifier>{67DA6AB6-F800-4c08-8B7A-83BB121AAD01}</UniqueIdentifier>
      <Extensions>rc;ico;cur;bmp;dlg;rc2;rct;bin;rgs;gif;jpg;jpeg;jpe;resx;tiff;tif;png;wav;mfcribbon-ms</Extensions>
    </Filter>
  </ItemGroup>
  <ItemGroup>
    <ClCompile Include="Source\HarmonyFrameWork\Graphics\Private\Renderer\DirectX\ver.11\CDirectX11Adapter.cpp">
      <Filter>ソース ファイル</Filter>
    </ClCompile>
    <ClCompile Include="Source\HarmonyFrameWork\Graphics\Private\Renderer\DirectX\ver.11\CDirectX11DeviceContext.cpp">
      <Filter>ソース ファイル</Filter>
    </ClCompile>
    <ClCompile Include="Source\HarmonyFrameWork\Graphics\Private\Renderer\DirectX\ver.11\CDirectX11SwapChain.cpp">
      <Filter>ソース ファイル</Filter>
    </ClCompile>
    <ClCompile Include="Source\HarmonyFrameWork\Platform\Windows\WinMain.cpp">
      <Filter>ソース ファイル</Filter>
    </ClCompile>
    <ClCompile Include="Source\HarmonyFrameWork\Graphics\Private\Renderer\Basic\RendererManager.cpp">
      <Filter>ソース ファイル</Filter>
    </ClCompile>
    <ClCompile Include="Source\HarmonyFrameWork\Graphics\Private\Renderer\DirectX\ver.11\DirectX11RenderDeviceManager.cpp">
      <Filter>ソース ファイル</Filter>
    </ClCompile>
    <ClCompile Include="Source\HarmonyFrameWork\Graphics\Private\Renderer\Basic\BaseRenderDeviceManager.cpp">
      <Filter>ソース ファイル</Filter>
    </ClCompile>
    <ClCompile Include="Source\HarmonyFrameWork\Math\Private\DirectXMath.cpp">
      <Filter>ソース ファイル</Filter>
    </ClCompile>
    <ClCompile Include="Source\GameSource\GameSystem.cpp">
      <Filter>ソース ファイル</Filter>
    </ClCompile>
    <ClCompile Include="Source\HarmonyFrameWork\Core\Private\BaseObject.cpp">
      <Filter>ソース ファイル</Filter>
    </ClCompile>
    <ClCompile Include="Source\HarmonyFrameWork\Platform\Windows\BaseWindow.cpp">
      <Filter>ソース ファイル</Filter>
    </ClCompile>
    <ClCompile Include="Source\HarmonyFrameWork\Input\Private\DirectX\DirectInput.cpp">
      <Filter>ソース ファイル</Filter>
    </ClCompile>
    <ClCompile Include="Source\HarmonyFrameWork\Core\Private\Task\TaskSystem.cpp">
      <Filter>ソース ファイル</Filter>
    </ClCompile>
    <ClCompile Include="Source\HarmonyFrameWork\Graphics\Private\GraphicsTypes.cpp">
      <Filter>ソース ファイル</Filter>
    </ClCompile>
    <ClCompile Include="Source\HarmonyFrameWork\Graphics\Private\Renderer\DirectX\ver.11\GeometryBuffers.cpp">
      <Filter>ソース ファイル</Filter>
    </ClCompile>
  </ItemGroup>
  <ItemGroup>
    <ClInclude Include="Source\HarmonyFrameWork\Graphics\Public\Renderer\Basic\CBaseRenderDeviceManager.h">
      <Filter>ヘッダー ファイル</Filter>
    </ClInclude>
    <ClInclude Include="Source\HarmonyFrameWork\Graphics\Public\Renderer\Basic\CRendererManager.h">
      <Filter>ヘッダー ファイル</Filter>
    </ClInclude>
    <ClInclude Include="Source\HarmonyFrameWork\Graphics\Public\Renderer\DirectX\ver.11\CDirectX11Adapter.h">
      <Filter>ヘッダー ファイル</Filter>
    </ClInclude>
    <ClInclude Include="Source\HarmonyFrameWork\Graphics\Public\Renderer\DirectX\ver.11\CDirectX11DeviceContext.h">
      <Filter>ヘッダー ファイル</Filter>
    </ClInclude>
    <ClInclude Include="Source\HarmonyFrameWork\Graphics\Public\Renderer\DirectX\ver.11\CDirectX11RenderDeviceManager.h">
      <Filter>ヘッダー ファイル</Filter>
    </ClInclude>
    <ClInclude Include="Source\HarmonyFrameWork\Graphics\Public\Renderer\DirectX\ver.11\CDirectX11SwapChain.h">
      <Filter>ヘッダー ファイル</Filter>
    </ClInclude>
    <ClInclude Include="Source\HarmonyFrameWork\Graphics\Public\Renderer\DirectX\ver.11\GeometryBuffers.h">
      <Filter>ヘッダー ファイル</Filter>
    </ClInclude>
    <ClInclude Include="Source\HarmonyFrameWork\Graphics\Public\Renderer\Basic\BaseRenderDeviceManager.h">
      <Filter>ヘッダー ファイル</Filter>
    </ClInclude>
    <ClInclude Include="Source\HarmonyFrameWork\Graphics\Public\Renderer\Basic\RendererManager.h">
      <Filter>ヘッダー ファイル</Filter>
    </ClInclude>
    <ClInclude Include="Source\HarmonyFrameWork\Math\Public\DirectXMath.h">
      <Filter>ヘッダー ファイル</Filter>
    </ClInclude>
    <ClInclude Include="Source\HarmonyFrameWork\Math\Public\HFMath.h">
      <Filter>ヘッダー ファイル</Filter>
    </ClInclude>
    <ClInclude Include="Source\HarmonyFrameWork\Math\Public\BasicMath.h">
      <Filter>ヘッダー ファイル</Filter>
    </ClInclude>
    <ClInclude Include="Source\HarmonyFrameWork\Graphics\Public\Renderer\DirectX\ver.11\DirectX11RenderDeviceManager.h">
      <Filter>ヘッダー ファイル</Filter>
    </ClInclude>
    <ClInclude Include="Source\GameSource\GameSystem.h">
      <Filter>ヘッダー ファイル</Filter>
    </ClInclude>
    <ClInclude Include="Source\HarmonyFrameWork\Core\Public\BaseObject.h">
      <Filter>ヘッダー ファイル</Filter>
    </ClInclude>
    <ClInclude Include="Source\HarmonyFrameWork\Core\Public\Common.h">
      <Filter>ヘッダー ファイル</Filter>
    </ClInclude>
    <ClInclude Include="Source\HarmonyFrameWork\Core\Public\DirectX11Common.h">
      <Filter>ヘッダー ファイル</Filter>
    </ClInclude>
    <ClInclude Include="Source\HarmonyFrameWork\Core\Public\DirectX11Types.h">
      <Filter>ヘッダー ファイル</Filter>
    </ClInclude>
    <ClInclude Include="Source\HarmonyFrameWork\Core\Public\HFTypes.h">
      <Filter>ヘッダー ファイル</Filter>
    </ClInclude>
    <ClInclude Include="Source\HarmonyFrameWork\Core\Public\Task\TaskInterface.h">
      <Filter>ヘッダー ファイル</Filter>
    </ClInclude>
    <ClInclude Include="Source\HarmonyFrameWork\Core\Public\Actor\ActorInterface.h">
      <Filter>ヘッダー ファイル</Filter>
    </ClInclude>
    <ClInclude Include="Source\HarmonyFrameWork\Platform\Windows\BaseWindow.h">
      <Filter>ヘッダー ファイル</Filter>
    </ClInclude>
    <ClInclude Include="Source\HarmonyFrameWork\Core\Public\Level\LevelInterface.h">
      <Filter>ヘッダー ファイル</Filter>
    </ClInclude>
    <ClInclude Include="Source\HarmonyFrameWork\Input\Public\InputManager.h">
      <Filter>ヘッダー ファイル</Filter>
    </ClInclude>
    <ClInclude Include="Source\HarmonyFrameWork\Input\Public\InputInterface.h">
      <Filter>ヘッダー ファイル</Filter>
    </ClInclude>
    <ClInclude Include="Source\HarmonyFrameWork\Input\Public\DierctX\DirectInput.h">
      <Filter>ヘッダー ファイル</Filter>
    </ClInclude>
    <ClInclude Include="Source\HarmonyFrameWork\Core\Public\Task\TaskSystem.h">
      <Filter>ヘッダー ファイル</Filter>
    </ClInclude>
    <ClInclude Include="Source\HarmonyFrameWork\Graphics\Public\GraphicsTypes.h">
      <Filter>ヘッダー ファイル</Filter>
    </ClInclude>
  </ItemGroup>
</Project>